// !$*UTF8*$!
{
	archiveVersion = 1;
	classes = {
	};
	objectVersion = 46;
	objects = {

/* Begin PBXBuildFile section */
		D778EF2E1D921D1A00B903DC /* main.m in Sources */ = {isa = PBXBuildFile; fileRef = D778EF2D1D921D1A00B903DC /* main.m */; };
		D778EF311D921D1A00B903DC /* AppDelegate.m in Sources */ = {isa = PBXBuildFile; fileRef = D778EF301D921D1A00B903DC /* AppDelegate.m */; };
		D778EF341D921D1A00B903DC /* ViewController.m in Sources */ = {isa = PBXBuildFile; fileRef = D778EF331D921D1A00B903DC /* ViewController.m */; };
		D778EF371D921D1A00B903DC /* Main.storyboard in Resources */ = {isa = PBXBuildFile; fileRef = D778EF351D921D1A00B903DC /* Main.storyboard */; };
		D778EF391D921D1A00B903DC /* Assets.xcassets in Resources */ = {isa = PBXBuildFile; fileRef = D778EF381D921D1A00B903DC /* Assets.xcassets */; };
		D778EF3C1D921D1A00B903DC /* LaunchScreen.storyboard in Resources */ = {isa = PBXBuildFile; fileRef = D778EF3A1D921D1A00B903DC /* LaunchScreen.storyboard */; };
		D778EF471D921D1A00B903DC /* BGWebImageTests.m in Sources */ = {isa = PBXBuildFile; fileRef = D778EF461D921D1A00B903DC /* BGWebImageTests.m */; };
		D778EF521D921D1A00B903DC /* BGWebImageUITests.m in Sources */ = {isa = PBXBuildFile; fileRef = D778EF511D921D1A00B903DC /* BGWebImageUITests.m */; };
		D778EF811D921D7800B903DC /* MKAnnotationView+WebCache.m in Sources */ = {isa = PBXBuildFile; fileRef = D778EF611D921D7800B903DC /* MKAnnotationView+WebCache.m */; };
		D778EF821D921D7800B903DC /* NSData+ImageContentType.m in Sources */ = {isa = PBXBuildFile; fileRef = D778EF631D921D7800B903DC /* NSData+ImageContentType.m */; };
		D778EF831D921D7800B903DC /* SDImageCache.m in Sources */ = {isa = PBXBuildFile; fileRef = D778EF651D921D7800B903DC /* SDImageCache.m */; };
		D778EF841D921D7800B903DC /* SDWebImageCompat.m in Sources */ = {isa = PBXBuildFile; fileRef = D778EF671D921D7800B903DC /* SDWebImageCompat.m */; };
		D778EF851D921D7800B903DC /* SDWebImageDecoder.m in Sources */ = {isa = PBXBuildFile; fileRef = D778EF691D921D7800B903DC /* SDWebImageDecoder.m */; };
		D778EF861D921D7800B903DC /* SDWebImageDownloader.m in Sources */ = {isa = PBXBuildFile; fileRef = D778EF6B1D921D7800B903DC /* SDWebImageDownloader.m */; };
		D778EF871D921D7800B903DC /* SDWebImageDownloaderOperation.m in Sources */ = {isa = PBXBuildFile; fileRef = D778EF6D1D921D7800B903DC /* SDWebImageDownloaderOperation.m */; };
		D778EF881D921D7800B903DC /* SDWebImageManager.m in Sources */ = {isa = PBXBuildFile; fileRef = D778EF6F1D921D7800B903DC /* SDWebImageManager.m */; };
		D778EF891D921D7800B903DC /* SDWebImagePrefetcher.m in Sources */ = {isa = PBXBuildFile; fileRef = D778EF721D921D7800B903DC /* SDWebImagePrefetcher.m */; };
		D778EF8A1D921D7800B903DC /* UIButton+WebCache.m in Sources */ = {isa = PBXBuildFile; fileRef = D778EF741D921D7800B903DC /* UIButton+WebCache.m */; };
		D778EF8B1D921D7800B903DC /* UIImage+GIF.m in Sources */ = {isa = PBXBuildFile; fileRef = D778EF761D921D7800B903DC /* UIImage+GIF.m */; };
		D778EF8C1D921D7800B903DC /* UIImage+MultiFormat.m in Sources */ = {isa = PBXBuildFile; fileRef = D778EF781D921D7800B903DC /* UIImage+MultiFormat.m */; };
		D778EF8D1D921D7800B903DC /* UIImage+WebP.m in Sources */ = {isa = PBXBuildFile; fileRef = D778EF7A1D921D7800B903DC /* UIImage+WebP.m */; };
		D778EF8E1D921D7800B903DC /* UIImageView+HighlightedWebCache.m in Sources */ = {isa = PBXBuildFile; fileRef = D778EF7C1D921D7800B903DC /* UIImageView+HighlightedWebCache.m */; };
		D778EF8F1D921D7800B903DC /* UIImageView+WebCache.m in Sources */ = {isa = PBXBuildFile; fileRef = D778EF7E1D921D7800B903DC /* UIImageView+WebCache.m */; };
		D778EF901D921D7800B903DC /* UIView+WebCacheOperation.m in Sources */ = {isa = PBXBuildFile; fileRef = D778EF801D921D7800B903DC /* UIView+WebCacheOperation.m */; };
		D778EF941D921E6A00B903DC /* DynamicNetConCell.m in Sources */ = {isa = PBXBuildFile; fileRef = D778EF921D921E6A00B903DC /* DynamicNetConCell.m */; };
		D778EF951D921E6A00B903DC /* DynamicNetConCell.xib in Resources */ = {isa = PBXBuildFile; fileRef = D778EF931D921E6A00B903DC /* DynamicNetConCell.xib */; };
		D778EFA01D921F5500B903DC /* global.m in Sources */ = {isa = PBXBuildFile; fileRef = D778EF9F1D921F5500B903DC /* global.m */; };
/* End PBXBuildFile section */

/* Begin PBXContainerItemProxy section */
		D778EF431D921D1A00B903DC /* PBXContainerItemProxy */ = {
			isa = PBXContainerItemProxy;
			containerPortal = D778EF211D921D1A00B903DC /* Project object */;
			proxyType = 1;
			remoteGlobalIDString = D778EF281D921D1A00B903DC;
			remoteInfo = BGWebImage;
		};
		D778EF4E1D921D1A00B903DC /* PBXContainerItemProxy */ = {
			isa = PBXContainerItemProxy;
			containerPortal = D778EF211D921D1A00B903DC /* Project object */;
			proxyType = 1;
			remoteGlobalIDString = D778EF281D921D1A00B903DC;
			remoteInfo = BGWebImage;
		};
/* End PBXContainerItemProxy section */

/* Begin PBXFileReference section */
		D778EF291D921D1A00B903DC /* BGWebImage.app */ = {isa = PBXFileReference; explicitFileType = wrapper.application; includeInIndex = 0; path = BGWebImage.app; sourceTree = BUILT_PRODUCTS_DIR; };
		D778EF2D1D921D1A00B903DC /* main.m */ = {isa = PBXFileReference; lastKnownFileType = sourcecode.c.objc; path = main.m; sourceTree = "<group>"; };
		D778EF2F1D921D1A00B903DC /* AppDelegate.h */ = {isa = PBXFileReference; lastKnownFileType = sourcecode.c.h; path = AppDelegate.h; sourceTree = "<group>"; };
		D778EF301D921D1A00B903DC /* AppDelegate.m */ = {isa = PBXFileReference; lastKnownFileType = sourcecode.c.objc; path = AppDelegate.m; sourceTree = "<group>"; };
		D778EF321D921D1A00B903DC /* ViewController.h */ = {isa = PBXFileReference; lastKnownFileType = sourcecode.c.h; path = ViewController.h; sourceTree = "<group>"; };
		D778EF331D921D1A00B903DC /* ViewController.m */ = {isa = PBXFileReference; lastKnownFileType = sourcecode.c.objc; path = ViewController.m; sourceTree = "<group>"; };
		D778EF361D921D1A00B903DC /* Base */ = {isa = PBXFileReference; lastKnownFileType = file.storyboard; name = Base; path = Base.lproj/Main.storyboard; sourceTree = "<group>"; };
		D778EF381D921D1A00B903DC /* Assets.xcassets */ = {isa = PBXFileReference; lastKnownFileType = folder.assetcatalog; path = Assets.xcassets; sourceTree = "<group>"; };
		D778EF3B1D921D1A00B903DC /* Base */ = {isa = PBXFileReference; lastKnownFileType = file.storyboard; name = Base; path = Base.lproj/LaunchScreen.storyboard; sourceTree = "<group>"; };
		D778EF3D1D921D1A00B903DC /* Info.plist */ = {isa = PBXFileReference; lastKnownFileType = text.plist.xml; path = Info.plist; sourceTree = "<group>"; };
		D778EF421D921D1A00B903DC /* BGWebImageTests.xctest */ = {isa = PBXFileReference; explicitFileType = wrapper.cfbundle; includeInIndex = 0; path = BGWebImageTests.xctest; sourceTree = BUILT_PRODUCTS_DIR; };
		D778EF461D921D1A00B903DC /* BGWebImageTests.m */ = {isa = PBXFileReference; lastKnownFileType = sourcecode.c.objc; path = BGWebImageTests.m; sourceTree = "<group>"; };
		D778EF481D921D1A00B903DC /* Info.plist */ = {isa = PBXFileReference; lastKnownFileType = text.plist.xml; path = Info.plist; sourceTree = "<group>"; };
		D778EF4D1D921D1A00B903DC /* BGWebImageUITests.xctest */ = {isa = PBXFileReference; explicitFileType = wrapper.cfbundle; includeInIndex = 0; path = BGWebImageUITests.xctest; sourceTree = BUILT_PRODUCTS_DIR; };
		D778EF511D921D1A00B903DC /* BGWebImageUITests.m */ = {isa = PBXFileReference; lastKnownFileType = sourcecode.c.objc; path = BGWebImageUITests.m; sourceTree = "<group>"; };
		D778EF531D921D1A00B903DC /* Info.plist */ = {isa = PBXFileReference; lastKnownFileType = text.plist.xml; path = Info.plist; sourceTree = "<group>"; };
		D778EF601D921D7800B903DC /* MKAnnotationView+WebCache.h */ = {isa = PBXFileReference; fileEncoding = 4; lastKnownFileType = sourcecode.c.h; path = "MKAnnotationView+WebCache.h"; sourceTree = "<group>"; };
		D778EF611D921D7800B903DC /* MKAnnotationView+WebCache.m */ = {isa = PBXFileReference; fileEncoding = 4; lastKnownFileType = sourcecode.c.objc; path = "MKAnnotationView+WebCache.m"; sourceTree = "<group>"; };
		D778EF621D921D7800B903DC /* NSData+ImageContentType.h */ = {isa = PBXFileReference; fileEncoding = 4; lastKnownFileType = sourcecode.c.h; path = "NSData+ImageContentType.h"; sourceTree = "<group>"; };
		D778EF631D921D7800B903DC /* NSData+ImageContentType.m */ = {isa = PBXFileReference; fileEncoding = 4; lastKnownFileType = sourcecode.c.objc; path = "NSData+ImageContentType.m"; sourceTree = "<group>"; };
		D778EF641D921D7800B903DC /* SDImageCache.h */ = {isa = PBXFileReference; fileEncoding = 4; lastKnownFileType = sourcecode.c.h; path = SDImageCache.h; sourceTree = "<group>"; };
		D778EF651D921D7800B903DC /* SDImageCache.m */ = {isa = PBXFileReference; fileEncoding = 4; lastKnownFileType = sourcecode.c.objc; path = SDImageCache.m; sourceTree = "<group>"; };
		D778EF661D921D7800B903DC /* SDWebImageCompat.h */ = {isa = PBXFileReference; fileEncoding = 4; lastKnownFileType = sourcecode.c.h; path = SDWebImageCompat.h; sourceTree = "<group>"; };
		D778EF671D921D7800B903DC /* SDWebImageCompat.m */ = {isa = PBXFileReference; fileEncoding = 4; lastKnownFileType = sourcecode.c.objc; path = SDWebImageCompat.m; sourceTree = "<group>"; };
		D778EF681D921D7800B903DC /* SDWebImageDecoder.h */ = {isa = PBXFileReference; fileEncoding = 4; lastKnownFileType = sourcecode.c.h; path = SDWebImageDecoder.h; sourceTree = "<group>"; };
		D778EF691D921D7800B903DC /* SDWebImageDecoder.m */ = {isa = PBXFileReference; fileEncoding = 4; lastKnownFileType = sourcecode.c.objc; path = SDWebImageDecoder.m; sourceTree = "<group>"; };
		D778EF6A1D921D7800B903DC /* SDWebImageDownloader.h */ = {isa = PBXFileReference; fileEncoding = 4; lastKnownFileType = sourcecode.c.h; path = SDWebImageDownloader.h; sourceTree = "<group>"; };
		D778EF6B1D921D7800B903DC /* SDWebImageDownloader.m */ = {isa = PBXFileReference; fileEncoding = 4; lastKnownFileType = sourcecode.c.objc; path = SDWebImageDownloader.m; sourceTree = "<group>"; };
		D778EF6C1D921D7800B903DC /* SDWebImageDownloaderOperation.h */ = {isa = PBXFileReference; fileEncoding = 4; lastKnownFileType = sourcecode.c.h; path = SDWebImageDownloaderOperation.h; sourceTree = "<group>"; };
		D778EF6D1D921D7800B903DC /* SDWebImageDownloaderOperation.m */ = {isa = PBXFileReference; fileEncoding = 4; lastKnownFileType = sourcecode.c.objc; path = SDWebImageDownloaderOperation.m; sourceTree = "<group>"; };
		D778EF6E1D921D7800B903DC /* SDWebImageManager.h */ = {isa = PBXFileReference; fileEncoding = 4; lastKnownFileType = sourcecode.c.h; path = SDWebImageManager.h; sourceTree = "<group>"; };
		D778EF6F1D921D7800B903DC /* SDWebImageManager.m */ = {isa = PBXFileReference; fileEncoding = 4; lastKnownFileType = sourcecode.c.objc; path = SDWebImageManager.m; sourceTree = "<group>"; };
		D778EF701D921D7800B903DC /* SDWebImageOperation.h */ = {isa = PBXFileReference; fileEncoding = 4; lastKnownFileType = sourcecode.c.h; path = SDWebImageOperation.h; sourceTree = "<group>"; };
		D778EF711D921D7800B903DC /* SDWebImagePrefetcher.h */ = {isa = PBXFileReference; fileEncoding = 4; lastKnownFileType = sourcecode.c.h; path = SDWebImagePrefetcher.h; sourceTree = "<group>"; };
		D778EF721D921D7800B903DC /* SDWebImagePrefetcher.m */ = {isa = PBXFileReference; fileEncoding = 4; lastKnownFileType = sourcecode.c.objc; path = SDWebImagePrefetcher.m; sourceTree = "<group>"; };
		D778EF731D921D7800B903DC /* UIButton+WebCache.h */ = {isa = PBXFileReference; fileEncoding = 4; lastKnownFileType = sourcecode.c.h; path = "UIButton+WebCache.h"; sourceTree = "<group>"; };
		D778EF741D921D7800B903DC /* UIButton+WebCache.m */ = {isa = PBXFileReference; fileEncoding = 4; lastKnownFileType = sourcecode.c.objc; path = "UIButton+WebCache.m"; sourceTree = "<group>"; };
		D778EF751D921D7800B903DC /* UIImage+GIF.h */ = {isa = PBXFileReference; fileEncoding = 4; lastKnownFileType = sourcecode.c.h; path = "UIImage+GIF.h"; sourceTree = "<group>"; };
		D778EF761D921D7800B903DC /* UIImage+GIF.m */ = {isa = PBXFileReference; fileEncoding = 4; lastKnownFileType = sourcecode.c.objc; path = "UIImage+GIF.m"; sourceTree = "<group>"; };
		D778EF771D921D7800B903DC /* UIImage+MultiFormat.h */ = {isa = PBXFileReference; fileEncoding = 4; lastKnownFileType = sourcecode.c.h; path = "UIImage+MultiFormat.h"; sourceTree = "<group>"; };
		D778EF781D921D7800B903DC /* UIImage+MultiFormat.m */ = {isa = PBXFileReference; fileEncoding = 4; lastKnownFileType = sourcecode.c.objc; path = "UIImage+MultiFormat.m"; sourceTree = "<group>"; };
		D778EF791D921D7800B903DC /* UIImage+WebP.h */ = {isa = PBXFileReference; fileEncoding = 4; lastKnownFileType = sourcecode.c.h; path = "UIImage+WebP.h"; sourceTree = "<group>"; };
		D778EF7A1D921D7800B903DC /* UIImage+WebP.m */ = {isa = PBXFileReference; fileEncoding = 4; lastKnownFileType = sourcecode.c.objc; path = "UIImage+WebP.m"; sourceTree = "<group>"; };
		D778EF7B1D921D7800B903DC /* UIImageView+HighlightedWebCache.h */ = {isa = PBXFileReference; fileEncoding = 4; lastKnownFileType = sourcecode.c.h; path = "UIImageView+HighlightedWebCache.h"; sourceTree = "<group>"; };
		D778EF7C1D921D7800B903DC /* UIImageView+HighlightedWebCache.m */ = {isa = PBXFileReference; fileEncoding = 4; lastKnownFileType = sourcecode.c.objc; path = "UIImageView+HighlightedWebCache.m"; sourceTree = "<group>"; };
		D778EF7D1D921D7800B903DC /* UIImageView+WebCache.h */ = {isa = PBXFileReference; fileEncoding = 4; lastKnownFileType = sourcecode.c.h; path = "UIImageView+WebCache.h"; sourceTree = "<group>"; };
		D778EF7E1D921D7800B903DC /* UIImageView+WebCache.m */ = {isa = PBXFileReference; fileEncoding = 4; lastKnownFileType = sourcecode.c.objc; path = "UIImageView+WebCache.m"; sourceTree = "<group>"; };
		D778EF7F1D921D7800B903DC /* UIView+WebCacheOperation.h */ = {isa = PBXFileReference; fileEncoding = 4; lastKnownFileType = sourcecode.c.h; path = "UIView+WebCacheOperation.h"; sourceTree = "<group>"; };
		D778EF801D921D7800B903DC /* UIView+WebCacheOperation.m */ = {isa = PBXFileReference; fileEncoding = 4; lastKnownFileType = sourcecode.c.objc; path = "UIView+WebCacheOperation.m"; sourceTree = "<group>"; };
		D778EF911D921E6A00B903DC /* DynamicNetConCell.h */ = {isa = PBXFileReference; fileEncoding = 4; lastKnownFileType = sourcecode.c.h; path = DynamicNetConCell.h; sourceTree = "<group>"; };
		D778EF921D921E6A00B903DC /* DynamicNetConCell.m */ = {isa = PBXFileReference; fileEncoding = 4; lastKnownFileType = sourcecode.c.objc; path = DynamicNetConCell.m; sourceTree = "<group>"; };
		D778EF931D921E6A00B903DC /* DynamicNetConCell.xib */ = {isa = PBXFileReference; fileEncoding = 4; lastKnownFileType = file.xib; path = DynamicNetConCell.xib; sourceTree = "<group>"; };
		D778EF9E1D921F5500B903DC /* global.h */ = {isa = PBXFileReference; fileEncoding = 4; lastKnownFileType = sourcecode.c.h; path = global.h; sourceTree = "<group>"; };
		D778EF9F1D921F5500B903DC /* global.m */ = {isa = PBXFileReference; fileEncoding = 4; lastKnownFileType = sourcecode.c.objc; path = global.m; sourceTree = "<group>"; };
/* End PBXFileReference section */

/* Begin PBXFrameworksBuildPhase section */
		D778EF261D921D1A00B903DC /* Frameworks */ = {
			isa = PBXFrameworksBuildPhase;
			buildActionMask = 2147483647;
			files = (
			);
			runOnlyForDeploymentPostprocessing = 0;
		};
		D778EF3F1D921D1A00B903DC /* Frameworks */ = {
			isa = PBXFrameworksBuildPhase;
			buildActionMask = 2147483647;
			files = (
			);
			runOnlyForDeploymentPostprocessing = 0;
		};
		D778EF4A1D921D1A00B903DC /* Frameworks */ = {
			isa = PBXFrameworksBuildPhase;
			buildActionMask = 2147483647;
			files = (
			);
			runOnlyForDeploymentPostprocessing = 0;
		};
/* End PBXFrameworksBuildPhase section */

/* Begin PBXGroup section */
		D778EF201D921D1A00B903DC = {
			isa = PBXGroup;
			children = (
				D778EF5F1D921D7800B903DC /* SDWebImage */,
				D778EF2B1D921D1A00B903DC /* BGWebImage */,
				D778EF451D921D1A00B903DC /* BGWebImageTests */,
				D778EF501D921D1A00B903DC /* BGWebImageUITests */,
				D778EF2A1D921D1A00B903DC /* Products */,
			);
			sourceTree = "<group>";
		};
		D778EF2A1D921D1A00B903DC /* Products */ = {
			isa = PBXGroup;
			children = (
				D778EF291D921D1A00B903DC /* BGWebImage.app */,
				D778EF421D921D1A00B903DC /* BGWebImageTests.xctest */,
				D778EF4D1D921D1A00B903DC /* BGWebImageUITests.xctest */,
			);
			name = Products;
			sourceTree = "<group>";
		};
		D778EF2B1D921D1A00B903DC /* BGWebImage */ = {
			isa = PBXGroup;
			children = (
				D778EF911D921E6A00B903DC /* DynamicNetConCell.h */,
				D778EF921D921E6A00B903DC /* DynamicNetConCell.m */,
				D778EF931D921E6A00B903DC /* DynamicNetConCell.xib */,
				D778EF2F1D921D1A00B903DC /* AppDelegate.h */,
				D778EF301D921D1A00B903DC /* AppDelegate.m */,
				D778EF321D921D1A00B903DC /* ViewController.h */,
				D778EF331D921D1A00B903DC /* ViewController.m */,
				D778EF351D921D1A00B903DC /* Main.storyboard */,
				D778EF381D921D1A00B903DC /* Assets.xcassets */,
				D778EF3A1D921D1A00B903DC /* LaunchScreen.storyboard */,
				D778EF3D1D921D1A00B903DC /* Info.plist */,
				D778EF2C1D921D1A00B903DC /* Supporting Files */,
				D778EF9E1D921F5500B903DC /* global.h */,
				D778EF9F1D921F5500B903DC /* global.m */,
			);
			path = BGWebImage;
			sourceTree = "<group>";
		};
		D778EF2C1D921D1A00B903DC /* Supporting Files */ = {
			isa = PBXGroup;
			children = (
				D778EF2D1D921D1A00B903DC /* main.m */,
			);
			name = "Supporting Files";
			sourceTree = "<group>";
		};
		D778EF451D921D1A00B903DC /* BGWebImageTests */ = {
			isa = PBXGroup;
			children = (
				D778EF461D921D1A00B903DC /* BGWebImageTests.m */,
				D778EF481D921D1A00B903DC /* Info.plist */,
			);
			path = BGWebImageTests;
			sourceTree = "<group>";
		};
		D778EF501D921D1A00B903DC /* BGWebImageUITests */ = {
			isa = PBXGroup;
			children = (
				D778EF511D921D1A00B903DC /* BGWebImageUITests.m */,
				D778EF531D921D1A00B903DC /* Info.plist */,
			);
			path = BGWebImageUITests;
			sourceTree = "<group>";
		};
		D778EF5F1D921D7800B903DC /* SDWebImage */ = {
			isa = PBXGroup;
			children = (
				D778EF601D921D7800B903DC /* MKAnnotationView+WebCache.h */,
				D778EF611D921D7800B903DC /* MKAnnotationView+WebCache.m */,
				D778EF621D921D7800B903DC /* NSData+ImageContentType.h */,
				D778EF631D921D7800B903DC /* NSData+ImageContentType.m */,
				D778EF641D921D7800B903DC /* SDImageCache.h */,
				D778EF651D921D7800B903DC /* SDImageCache.m */,
				D778EF661D921D7800B903DC /* SDWebImageCompat.h */,
				D778EF671D921D7800B903DC /* SDWebImageCompat.m */,
				D778EF681D921D7800B903DC /* SDWebImageDecoder.h */,
				D778EF691D921D7800B903DC /* SDWebImageDecoder.m */,
				D778EF6A1D921D7800B903DC /* SDWebImageDownloader.h */,
				D778EF6B1D921D7800B903DC /* SDWebImageDownloader.m */,
				D778EF6C1D921D7800B903DC /* SDWebImageDownloaderOperation.h */,
				D778EF6D1D921D7800B903DC /* SDWebImageDownloaderOperation.m */,
				D778EF6E1D921D7800B903DC /* SDWebImageManager.h */,
				D778EF6F1D921D7800B903DC /* SDWebImageManager.m */,
				D778EF701D921D7800B903DC /* SDWebImageOperation.h */,
				D778EF711D921D7800B903DC /* SDWebImagePrefetcher.h */,
				D778EF721D921D7800B903DC /* SDWebImagePrefetcher.m */,
				D778EF731D921D7800B903DC /* UIButton+WebCache.h */,
				D778EF741D921D7800B903DC /* UIButton+WebCache.m */,
				D778EF751D921D7800B903DC /* UIImage+GIF.h */,
				D778EF761D921D7800B903DC /* UIImage+GIF.m */,
				D778EF771D921D7800B903DC /* UIImage+MultiFormat.h */,
				D778EF781D921D7800B903DC /* UIImage+MultiFormat.m */,
				D778EF791D921D7800B903DC /* UIImage+WebP.h */,
				D778EF7A1D921D7800B903DC /* UIImage+WebP.m */,
				D778EF7B1D921D7800B903DC /* UIImageView+HighlightedWebCache.h */,
				D778EF7C1D921D7800B903DC /* UIImageView+HighlightedWebCache.m */,
				D778EF7D1D921D7800B903DC /* UIImageView+WebCache.h */,
				D778EF7E1D921D7800B903DC /* UIImageView+WebCache.m */,
				D778EF7F1D921D7800B903DC /* UIView+WebCacheOperation.h */,
				D778EF801D921D7800B903DC /* UIView+WebCacheOperation.m */,
			);
			path = SDWebImage;
			sourceTree = "<group>";
		};
/* End PBXGroup section */

/* Begin PBXNativeTarget section */
		D778EF281D921D1A00B903DC /* BGWebImage */ = {
			isa = PBXNativeTarget;
			buildConfigurationList = D778EF561D921D1A00B903DC /* Build configuration list for PBXNativeTarget "BGWebImage" */;
			buildPhases = (
				D778EF251D921D1A00B903DC /* Sources */,
				D778EF261D921D1A00B903DC /* Frameworks */,
				D778EF271D921D1A00B903DC /* Resources */,
			);
			buildRules = (
			);
			dependencies = (
			);
			name = BGWebImage;
			productName = BGWebImage;
			productReference = D778EF291D921D1A00B903DC /* BGWebImage.app */;
			productType = "com.apple.product-type.application";
		};
		D778EF411D921D1A00B903DC /* BGWebImageTests */ = {
			isa = PBXNativeTarget;
			buildConfigurationList = D778EF591D921D1A00B903DC /* Build configuration list for PBXNativeTarget "BGWebImageTests" */;
			buildPhases = (
				D778EF3E1D921D1A00B903DC /* Sources */,
				D778EF3F1D921D1A00B903DC /* Frameworks */,
				D778EF401D921D1A00B903DC /* Resources */,
			);
			buildRules = (
			);
			dependencies = (
				D778EF441D921D1A00B903DC /* PBXTargetDependency */,
			);
			name = BGWebImageTests;
			productName = BGWebImageTests;
			productReference = D778EF421D921D1A00B903DC /* BGWebImageTests.xctest */;
			productType = "com.apple.product-type.bundle.unit-test";
		};
		D778EF4C1D921D1A00B903DC /* BGWebImageUITests */ = {
			isa = PBXNativeTarget;
			buildConfigurationList = D778EF5C1D921D1A00B903DC /* Build configuration list for PBXNativeTarget "BGWebImageUITests" */;
			buildPhases = (
				D778EF491D921D1A00B903DC /* Sources */,
				D778EF4A1D921D1A00B903DC /* Frameworks */,
				D778EF4B1D921D1A00B903DC /* Resources */,
			);
			buildRules = (
			);
			dependencies = (
				D778EF4F1D921D1A00B903DC /* PBXTargetDependency */,
			);
			name = BGWebImageUITests;
			productName = BGWebImageUITests;
			productReference = D778EF4D1D921D1A00B903DC /* BGWebImageUITests.xctest */;
			productType = "com.apple.product-type.bundle.ui-testing";
		};
/* End PBXNativeTarget section */

/* Begin PBXProject section */
		D778EF211D921D1A00B903DC /* Project object */ = {
			isa = PBXProject;
			attributes = {
				LastUpgradeCheck = 0730;
				ORGANIZATIONNAME = Biao;
				TargetAttributes = {
					D778EF281D921D1A00B903DC = {
						CreatedOnToolsVersion = 7.3.1;
					};
					D778EF411D921D1A00B903DC = {
						CreatedOnToolsVersion = 7.3.1;
						TestTargetID = D778EF281D921D1A00B903DC;
					};
					D778EF4C1D921D1A00B903DC = {
						CreatedOnToolsVersion = 7.3.1;
						TestTargetID = D778EF281D921D1A00B903DC;
					};
				};
			};
			buildConfigurationList = D778EF241D921D1A00B903DC /* Build configuration list for PBXProject "BGWebImage" */;
			compatibilityVersion = "Xcode 3.2";
			developmentRegion = English;
			hasScannedForEncodings = 0;
			knownRegions = (
				en,
				Base,
			);
			mainGroup = D778EF201D921D1A00B903DC;
			productRefGroup = D778EF2A1D921D1A00B903DC /* Products */;
			projectDirPath = "";
			projectRoot = "";
			targets = (
				D778EF281D921D1A00B903DC /* BGWebImage */,
				D778EF411D921D1A00B903DC /* BGWebImageTests */,
				D778EF4C1D921D1A00B903DC /* BGWebImageUITests */,
			);
		};
/* End PBXProject section */

/* Begin PBXResourcesBuildPhase section */
		D778EF271D921D1A00B903DC /* Resources */ = {
			isa = PBXResourcesBuildPhase;
			buildActionMask = 2147483647;
			files = (
				D778EF3C1D921D1A00B903DC /* LaunchScreen.storyboard in Resources */,
				D778EF391D921D1A00B903DC /* Assets.xcassets in Resources */,
				D778EF951D921E6A00B903DC /* DynamicNetConCell.xib in Resources */,
				D778EF371D921D1A00B903DC /* Main.storyboard in Resources */,
			);
			runOnlyForDeploymentPostprocessing = 0;
		};
		D778EF401D921D1A00B903DC /* Resources */ = {
			isa = PBXResourcesBuildPhase;
			buildActionMask = 2147483647;
			files = (
			);
			runOnlyForDeploymentPostprocessing = 0;
		};
		D778EF4B1D921D1A00B903DC /* Resources */ = {
			isa = PBXResourcesBuildPhase;
			buildActionMask = 2147483647;
			files = (
			);
			runOnlyForDeploymentPostprocessing = 0;
		};
/* End PBXResourcesBuildPhase section */

/* Begin PBXSourcesBuildPhase section */
		D778EF251D921D1A00B903DC /* Sources */ = {
			isa = PBXSourcesBuildPhase;
			buildActionMask = 2147483647;
			files = (
				D778EF8E1D921D7800B903DC /* UIImageView+HighlightedWebCache.m in Sources */,
				D778EF821D921D7800B903DC /* NSData+ImageContentType.m in Sources */,
				D778EF941D921E6A00B903DC /* DynamicNetConCell.m in Sources */,
				D778EF881D921D7800B903DC /* SDWebImageManager.m in Sources */,
				D778EF861D921D7800B903DC /* SDWebImageDownloader.m in Sources */,
				D778EF8D1D921D7800B903DC /* UIImage+WebP.m in Sources */,
				D778EF901D921D7800B903DC /* UIView+WebCacheOperation.m in Sources */,
				D778EF831D921D7800B903DC /* SDImageCache.m in Sources */,
				D778EFA01D921F5500B903DC /* global.m in Sources */,
				D778EF341D921D1A00B903DC /* ViewController.m in Sources */,
				D778EF811D921D7800B903DC /* MKAnnotationView+WebCache.m in Sources */,
				D778EF851D921D7800B903DC /* SDWebImageDecoder.m in Sources */,
				D778EF8C1D921D7800B903DC /* UIImage+MultiFormat.m in Sources */,
				D778EF871D921D7800B903DC /* SDWebImageDownloaderOperation.m in Sources */,
				D778EF311D921D1A00B903DC /* AppDelegate.m in Sources */,
				D778EF8A1D921D7800B903DC /* UIButton+WebCache.m in Sources */,
				D778EF891D921D7800B903DC /* SDWebImagePrefetcher.m in Sources */,
				D778EF8F1D921D7800B903DC /* UIImageView+WebCache.m in Sources */,
				D778EF841D921D7800B903DC /* SDWebImageCompat.m in Sources */,
				D778EF8B1D921D7800B903DC /* UIImage+GIF.m in Sources */,
				D778EF2E1D921D1A00B903DC /* main.m in Sources */,
			);
			runOnlyForDeploymentPostprocessing = 0;
		};
		D778EF3E1D921D1A00B903DC /* Sources */ = {
			isa = PBXSourcesBuildPhase;
			buildActionMask = 2147483647;
			files = (
				D778EF471D921D1A00B903DC /* BGWebImageTests.m in Sources */,
			);
			runOnlyForDeploymentPostprocessing = 0;
		};
		D778EF491D921D1A00B903DC /* Sources */ = {
			isa = PBXSourcesBuildPhase;
			buildActionMask = 2147483647;
			files = (
				D778EF521D921D1A00B903DC /* BGWebImageUITests.m in Sources */,
			);
			runOnlyForDeploymentPostprocessing = 0;
		};
/* End PBXSourcesBuildPhase section */

/* Begin PBXTargetDependency section */
		D778EF441D921D1A00B903DC /* PBXTargetDependency */ = {
			isa = PBXTargetDependency;
			target = D778EF281D921D1A00B903DC /* BGWebImage */;
			targetProxy = D778EF431D921D1A00B903DC /* PBXContainerItemProxy */;
		};
		D778EF4F1D921D1A00B903DC /* PBXTargetDependency */ = {
			isa = PBXTargetDependency;
			target = D778EF281D921D1A00B903DC /* BGWebImage */;
			targetProxy = D778EF4E1D921D1A00B903DC /* PBXContainerItemProxy */;
		};
/* End PBXTargetDependency section */

/* Begin PBXVariantGroup section */
		D778EF351D921D1A00B903DC /* Main.storyboard */ = {
			isa = PBXVariantGroup;
			children = (
				D778EF361D921D1A00B903DC /* Base */,
			);
			name = Main.storyboard;
			sourceTree = "<group>";
		};
		D778EF3A1D921D1A00B903DC /* LaunchScreen.storyboard */ = {
			isa = PBXVariantGroup;
			children = (
				D778EF3B1D921D1A00B903DC /* Base */,
			);
			name = LaunchScreen.storyboard;
			sourceTree = "<group>";
		};
/* End PBXVariantGroup section */

/* Begin XCBuildConfiguration section */
		D778EF541D921D1A00B903DC /* Debug */ = {
			isa = XCBuildConfiguration;
			buildSettings = {
				ALWAYS_SEARCH_USER_PATHS = NO;
				CLANG_ANALYZER_NONNULL = YES;
				CLANG_CXX_LANGUAGE_STANDARD = "gnu++0x";
				CLANG_CXX_LIBRARY = "libc++";
				CLANG_ENABLE_MODULES = YES;
				CLANG_ENABLE_OBJC_ARC = YES;
				CLANG_WARN_BOOL_CONVERSION = YES;
				CLANG_WARN_CONSTANT_CONVERSION = YES;
				CLANG_WARN_DIRECT_OBJC_ISA_USAGE = YES_ERROR;
				CLANG_WARN_EMPTY_BODY = YES;
				CLANG_WARN_ENUM_CONVERSION = YES;
				CLANG_WARN_INT_CONVERSION = YES;
				CLANG_WARN_OBJC_ROOT_CLASS = YES_ERROR;
				CLANG_WARN_UNREACHABLE_CODE = YES;
				CLANG_WARN__DUPLICATE_METHOD_MATCH = YES;
				"CODE_SIGN_IDENTITY[sdk=iphoneos*]" = "iPhone Developer";
				COPY_PHASE_STRIP = NO;
				DEBUG_INFORMATION_FORMAT = dwarf;
				ENABLE_STRICT_OBJC_MSGSEND = YES;
				ENABLE_TESTABILITY = YES;
				GCC_C_LANGUAGE_STANDARD = gnu99;
				GCC_DYNAMIC_NO_PIC = NO;
				GCC_NO_COMMON_BLOCKS = YES;
				GCC_OPTIMIZATION_LEVEL = 0;
				GCC_PREPROCESSOR_DEFINITIONS = (
					"DEBUG=1",
					"$(inherited)",
				);
				GCC_WARN_64_TO_32_BIT_CONVERSION = YES;
				GCC_WARN_ABOUT_RETURN_TYPE = YES_ERROR;
				GCC_WARN_UNDECLARED_SELECTOR = YES;
				GCC_WARN_UNINITIALIZED_AUTOS = YES_AGGRESSIVE;
				GCC_WARN_UNUSED_FUNCTION = YES;
				GCC_WARN_UNUSED_VARIABLE = YES;
				IPHONEOS_DEPLOYMENT_TARGET = 9.3;
				MTL_ENABLE_DEBUG_INFO = YES;
				ONLY_ACTIVE_ARCH = YES;
				SDKROOT = iphoneos;
			};
			name = Debug;
		};
		D778EF551D921D1A00B903DC /* Release */ = {
			isa = XCBuildConfiguration;
			buildSettings = {
				ALWAYS_SEARCH_USER_PATHS = NO;
				CLANG_ANALYZER_NONNULL = YES;
				CLANG_CXX_LANGUAGE_STANDARD = "gnu++0x";
				CLANG_CXX_LIBRARY = "libc++";
				CLANG_ENABLE_MODULES = YES;
				CLANG_ENABLE_OBJC_ARC = YES;
				CLANG_WARN_BOOL_CONVERSION = YES;
				CLANG_WARN_CONSTANT_CONVERSION = YES;
				CLANG_WARN_DIRECT_OBJC_ISA_USAGE = YES_ERROR;
				CLANG_WARN_EMPTY_BODY = YES;
				CLANG_WARN_ENUM_CONVERSION = YES;
				CLANG_WARN_INT_CONVERSION = YES;
				CLANG_WARN_OBJC_ROOT_CLASS = YES_ERROR;
				CLANG_WARN_UNREACHABLE_CODE = YES;
				CLANG_WARN__DUPLICATE_METHOD_MATCH = YES;
				"CODE_SIGN_IDENTITY[sdk=iphoneos*]" = "iPhone Developer";
				COPY_PHASE_STRIP = NO;
				DEBUG_INFORMATION_FORMAT = "dwarf-with-dsym";
				ENABLE_NS_ASSERTIONS = NO;
				ENABLE_STRICT_OBJC_MSGSEND = YES;
				GCC_C_LANGUAGE_STANDARD = gnu99;
				GCC_NO_COMMON_BLOCKS = YES;
				GCC_WARN_64_TO_32_BIT_CONVERSION = YES;
				GCC_WARN_ABOUT_RETURN_TYPE = YES_ERROR;
				GCC_WARN_UNDECLARED_SELECTOR = YES;
				GCC_WARN_UNINITIALIZED_AUTOS = YES_AGGRESSIVE;
				GCC_WARN_UNUSED_FUNCTION = YES;
				GCC_WARN_UNUSED_VARIABLE = YES;
				IPHONEOS_DEPLOYMENT_TARGET = 9.3;
				MTL_ENABLE_DEBUG_INFO = NO;
				SDKROOT = iphoneos;
				VALIDATE_PRODUCT = YES;
			};
			name = Release;
		};
		D778EF571D921D1A00B903DC /* Debug */ = {
			isa = XCBuildConfiguration;
			buildSettings = {
				ASSETCATALOG_COMPILER_APPICON_NAME = AppIcon;
				INFOPLIST_FILE = BGWebImage/Info.plist;
				IPHONEOS_DEPLOYMENT_TARGET = 8.0;
				LD_RUNPATH_SEARCH_PATHS = "$(inherited) @executable_path/Frameworks";
				PRODUCT_BUNDLE_IDENTIFIER = com.huangzhibiao.BGWebImage;
				PRODUCT_NAME = "$(TARGET_NAME)";
			};
			name = Debug;
		};
		D778EF581D921D1A00B903DC /* Release */ = {
			isa = XCBuildConfiguration;
			buildSettings = {
				ASSETCATALOG_COMPILER_APPICON_NAME = AppIcon;
				INFOPLIST_FILE = BGWebImage/Info.plist;
				IPHONEOS_DEPLOYMENT_TARGET = 8.0;
				LD_RUNPATH_SEARCH_PATHS = "$(inherited) @executable_path/Frameworks";
				PRODUCT_BUNDLE_IDENTIFIER = com.huangzhibiao.BGWebImage;
				PRODUCT_NAME = "$(TARGET_NAME)";
			};
			name = Release;
		};
		D778EF5A1D921D1A00B903DC /* Debug */ = {
			isa = XCBuildConfiguration;
			buildSettings = {
				BUNDLE_LOADER = "$(TEST_HOST)";
				INFOPLIST_FILE = BGWebImageTests/Info.plist;
				LD_RUNPATH_SEARCH_PATHS = "$(inherited) @executable_path/Frameworks @loader_path/Frameworks";
				PRODUCT_BUNDLE_IDENTIFIER = com.huangzhibiao.BGWebImageTests;
				PRODUCT_NAME = "$(TARGET_NAME)";
				TEST_HOST = "$(BUILT_PRODUCTS_DIR)/BGWebImage.app/BGWebImage";
			};
			name = Debug;
		};
		D778EF5B1D921D1A00B903DC /* Release */ = {
			isa = XCBuildConfiguration;
			buildSettings = {
				BUNDLE_LOADER = "$(TEST_HOST)";
				INFOPLIST_FILE = BGWebImageTests/Info.plist;
				LD_RUNPATH_SEARCH_PATHS = "$(inherited) @executable_path/Frameworks @loader_path/Frameworks";
				PRODUCT_BUNDLE_IDENTIFIER = com.huangzhibiao.BGWebImageTests;
				PRODUCT_NAME = "$(TARGET_NAME)";
				TEST_HOST = "$(BUILT_PRODUCTS_DIR)/BGWebImage.app/BGWebImage";
			};
			name = Release;
		};
		D778EF5D1D921D1A00B903DC /* Debug */ = {
			isa = XCBuildConfiguration;
			buildSettings = {
				INFOPLIST_FILE = BGWebImageUITests/Info.plist;
				LD_RUNPATH_SEARCH_PATHS = "$(inherited) @executable_path/Frameworks @loader_path/Frameworks";
				PRODUCT_BUNDLE_IDENTIFIER = com.huangzhibiao.BGWebImageUITests;
				PRODUCT_NAME = "$(TARGET_NAME)";
				TEST_TARGET_NAME = BGWebImage;
			};
			name = Debug;
		};
		D778EF5E1D921D1A00B903DC /* Release */ = {
			isa = XCBuildConfiguration;
			buildSettings = {
				INFOPLIST_FILE = BGWebImageUITests/Info.plist;
				LD_RUNPATH_SEARCH_PATHS = "$(inherited) @executable_path/Frameworks @loader_path/Frameworks";
				PRODUCT_BUNDLE_IDENTIFIER = com.huangzhibiao.BGWebImageUITests;
				PRODUCT_NAME = "$(TARGET_NAME)";
				TEST_TARGET_NAME = BGWebImage;
			};
			name = Release;
		};
/* End XCBuildConfiguration section */

/* Begin XCConfigurationList section */
		D778EF241D921D1A00B903DC /* Build configuration list for PBXProject "BGWebImage" */ = {
			isa = XCConfigurationList;
			buildConfigurations = (
				D778EF541D921D1A00B903DC /* Debug */,
				D778EF551D921D1A00B903DC /* Release */,
			);
			defaultConfigurationIsVisible = 0;
			defaultConfigurationName = Release;
		};
		D778EF561D921D1A00B903DC /* Build configuration list for PBXNativeTarget "BGWebImage" */ = {
			isa = XCConfigurationList;
			buildConfigurations = (
				D778EF571D921D1A00B903DC /* Debug */,
				D778EF581D921D1A00B903DC /* Release */,
			);
			defaultConfigurationIsVisible = 0;
		};
		D778EF591D921D1A00B903DC /* Build configuration list for PBXNativeTarget "BGWebImageTests" */ = {
			isa = XCConfigurationList;
			buildConfigurations = (
				D778EF5A1D921D1A00B903DC /* Debug */,
				D778EF5B1D921D1A00B903DC /* Release */,
			);
			defaultConfigurationIsVisible = 0;
		};
		D778EF5C1D921D1A00B903DC /* Build configuration list for PBXNativeTarget "BGWebImageUITests" */ = {
			isa = XCConfigurationList;
			buildConfigurations = (
				D778EF5D1D921D1A00B903DC /* Debug */,
				D778EF5E1D921D1A00B903DC /* Release */,
			);
			defaultConfigurationIsVisible = 0;
		};
/* End XCConfigurationList section */
	};
	rootObject = D778EF211D921D1A00B903DC /* Project object */;
}
